
Microsoft Visual Studio Solution File, Format Version 12.00
Project("{F2A71F9B-5D33-465A-A702-920D77279786}") = "Wikd", "Wikd\Wikd.fsproj", "{9AFD9076-2CB8-4171-AEDB-FB08EC31C336}"
EndProject
Project("{F2A71F9B-5D33-465A-A702-920D77279786}") = "Wikd.App", "Wikd.App\Wikd.App.fsproj", "{54A7E3E5-FDBA-468F-B22C-52435B8A480D}"
EndProject
Project("{2150E333-8FDC-42A3-9474-1A3956D46DE8}") = "_external", "_external", "{667BCFAE-75E6-49BB-B984-F1CED2A2B825}"
EndProject
Project("{F2A71F9B-5D33-465A-A702-920D77279786}") = "FDOM.Core", "..\FDOM\FDOM.Core\FDOM.Core.fsproj", "{E972F82C-15C7-4498-B1BD-AFA90146F83C}"
EndProject
Project("{F2A71F9B-5D33-465A-A702-920D77279786}") = "FDOM.Rendering.Html", "..\FDOM\FDOM.Rendering.Html\FDOM.Rendering.Html.fsproj", "{80D6E873-009E-431E-A70C-B06131CDBA0A}"
EndProject
Project("{F2A71F9B-5D33-465A-A702-920D77279786}") = "ToolBox", "..\ToolBox\ToolBox\ToolBox.fsproj", "{0B047D3C-F4DD-4D9A-A8C0-CEFB5E387A4C}"
EndProject
Global
	GlobalSection(SolutionConfigurationPlatforms) = preSolution
		Debug|Any CPU = Debug|Any CPU
		Release|Any CPU = Release|Any CPU
	EndGlobalSection
	GlobalSection(ProjectConfigurationPlatforms) = postSolution
		{9AFD9076-2CB8-4171-AEDB-FB08EC31C336}.Debug|Any CPU.ActiveCfg = Debug|Any CPU
		{9AFD9076-2CB8-4171-AEDB-FB08EC31C336}.Debug|Any CPU.Build.0 = Debug|Any CPU
		{9AFD9076-2CB8-4171-AEDB-FB08EC31C336}.Release|Any CPU.ActiveCfg = Release|Any CPU
		{9AFD9076-2CB8-4171-AEDB-FB08EC31C336}.Release|Any CPU.Build.0 = Release|Any CPU
		{54A7E3E5-FDBA-468F-B22C-52435B8A480D}.Debug|Any CPU.ActiveCfg = Debug|Any CPU
		{54A7E3E5-FDBA-468F-B22C-52435B8A480D}.Debug|Any CPU.Build.0 = Debug|Any CPU
		{54A7E3E5-FDBA-468F-B22C-52435B8A480D}.Release|Any CPU.ActiveCfg = Release|Any CPU
		{54A7E3E5-FDBA-468F-B22C-52435B8A480D}.Release|Any CPU.Build.0 = Release|Any CPU
		{E972F82C-15C7-4498-B1BD-AFA90146F83C}.Debug|Any CPU.ActiveCfg = Debug|Any CPU
		{E972F82C-15C7-4498-B1BD-AFA90146F83C}.Debug|Any CPU.Build.0 = Debug|Any CPU
		{E972F82C-15C7-4498-B1BD-AFA90146F83C}.Release|Any CPU.ActiveCfg = Release|Any CPU
		{E972F82C-15C7-4498-B1BD-AFA90146F83C}.Release|Any CPU.Build.0 = Release|Any CPU
		{80D6E873-009E-431E-A70C-B06131CDBA0A}.Debug|Any CPU.ActiveCfg = Debug|Any CPU
		{80D6E873-009E-431E-A70C-B06131CDBA0A}.Debug|Any CPU.Build.0 = Debug|Any CPU
		{80D6E873-009E-431E-A70C-B06131CDBA0A}.Release|Any CPU.ActiveCfg = Release|Any CPU
		{80D6E873-009E-431E-A70C-B06131CDBA0A}.Release|Any CPU.Build.0 = Release|Any CPU
		{0B047D3C-F4DD-4D9A-A8C0-CEFB5E387A4C}.Debug|Any CPU.ActiveCfg = Debug|Any CPU
		{0B047D3C-F4DD-4D9A-A8C0-CEFB5E387A4C}.Debug|Any CPU.Build.0 = Debug|Any CPU
		{0B047D3C-F4DD-4D9A-A8C0-CEFB5E387A4C}.Release|Any CPU.ActiveCfg = Release|Any CPU
		{0B047D3C-F4DD-4D9A-A8C0-CEFB5E387A4C}.Release|Any CPU.Build.0 = Release|Any CPU
	EndGlobalSection
	GlobalSection(NestedProjects) = preSolution
		{E972F82C-15C7-4498-B1BD-AFA90146F83C} = {667BCFAE-75E6-49BB-B984-F1CED2A2B825}
		{80D6E873-009E-431E-A70C-B06131CDBA0A} = {667BCFAE-75E6-49BB-B984-F1CED2A2B825}
		{0B047D3C-F4DD-4D9A-A8C0-CEFB5E387A4C} = {667BCFAE-75E6-49BB-B984-F1CED2A2B825}
	EndGlobalSection
EndGlobal
